// !$*UTF8*$!
{
	archiveVersion = 1;
	classes = {
	};
	objectVersion = 46;
	objects = {

/* Begin PBXBuildFile section */
		335F52661BC6205300B634E4 /* main.m in Sources */ = {isa = PBXBuildFile; fileRef = 335F52651BC6205300B634E4 /* main.m */; };
		335F52691BC6205300B634E4 /* AppDelegate.m in Sources */ = {isa = PBXBuildFile; fileRef = 335F52681BC6205300B634E4 /* AppDelegate.m */; };
		335F526C1BC6205300B634E4 /* ViewController.m in Sources */ = {isa = PBXBuildFile; fileRef = 335F526B1BC6205300B634E4 /* ViewController.m */; };
		335F526F1BC6205300B634E4 /* Main.storyboard in Resources */ = {isa = PBXBuildFile; fileRef = 335F526D1BC6205300B634E4 /* Main.storyboard */; };
		335F52711BC6205300B634E4 /* Assets.xcassets in Resources */ = {isa = PBXBuildFile; fileRef = 335F52701BC6205300B634E4 /* Assets.xcassets */; };
		335F52741BC6205300B634E4 /* LaunchScreen.storyboard in Resources */ = {isa = PBXBuildFile; fileRef = 335F52721BC6205300B634E4 /* LaunchScreen.storyboard */; };
		335F527F1BC6205300B634E4 /* MyTestTests.m in Sources */ = {isa = PBXBuildFile; fileRef = 335F527E1BC6205300B634E4 /* MyTestTests.m */; };
		335F528A1BC6205300B634E4 /* MyTestUITests.m in Sources */ = {isa = PBXBuildFile; fileRef = 335F52891BC6205300B634E4 /* MyTestUITests.m */; };
/* End PBXBuildFile section */

/* Begin PBXContainerItemProxy section */
		335F527B1BC6205300B634E4 /* PBXContainerItemProxy */ = {
			isa = PBXContainerItemProxy;
			containerPortal = 335F52591BC6205300B634E4 /* Project object */;
			proxyType = 1;
			remoteGlobalIDString = 335F52601BC6205300B634E4;
			remoteInfo = MyTest;
		};
		335F52861BC6205300B634E4 /* PBXContainerItemProxy */ = {
			isa = PBXContainerItemProxy;
			containerPortal = 335F52591BC6205300B634E4 /* Project object */;
			proxyType = 1;
			remoteGlobalIDString = 335F52601BC6205300B634E4;
			remoteInfo = MyTest;
		};
/* End PBXContainerItemProxy section */

/* Begin PBXFileReference section */
		335F52611BC6205300B634E4 /* MyTest.app */ = {isa = PBXFileReference; explicitFileType = wrapper.application; includeInIndex = 0; path = MyTest.app; sourceTree = BUILT_PRODUCTS_DIR; };
		335F52651BC6205300B634E4 /* main.m */ = {isa = PBXFileReference; lastKnownFileType = sourcecode.c.objc; path = main.m; sourceTree = "<group>"; };
		335F52671BC6205300B634E4 /* AppDelegate.h */ = {isa = PBXFileReference; lastKnownFileType = sourcecode.c.h; path = AppDelegate.h; sourceTree = "<group>"; };
		335F52681BC6205300B634E4 /* AppDelegate.m */ = {isa = PBXFileReference; lastKnownFileType = sourcecode.c.objc; path = AppDelegate.m; sourceTree = "<group>"; };
		335F526A1BC6205300B634E4 /* ViewController.h */ = {isa = PBXFileReference; lastKnownFileType = sourcecode.c.h; path = ViewController.h; sourceTree = "<group>"; };
		335F526B1BC6205300B634E4 /* ViewController.m */ = {isa = PBXFileReference; lastKnownFileType = sourcecode.c.objc; path = ViewController.m; sourceTree = "<group>"; };
		335F526E1BC6205300B634E4 /* Base */ = {isa = PBXFileReference; lastKnownFileType = file.storyboard; name = Base; path = Base.lproj/Main.storyboard; sourceTree = "<group>"; };
		335F52701BC6205300B634E4 /* Assets.xcassets */ = {isa = PBXFileReference; lastKnownFileType = folder.assetcatalog; path = Assets.xcassets; sourceTree = "<group>"; };
		335F52731BC6205300B634E4 /* Base */ = {isa = PBXFileReference; lastKnownFileType = file.storyboard; name = Base; path = Base.lproj/LaunchScreen.storyboard; sourceTree = "<group>"; };
		335F52751BC6205300B634E4 /* Info.plist */ = {isa = PBXFileReference; lastKnownFileType = text.plist.xml; path = Info.plist; sourceTree = "<group>"; };
		335F527A1BC6205300B634E4 /* MyTestTests.xctest */ = {isa = PBXFileReference; explicitFileType = wrapper.cfbundle; includeInIndex = 0; path = MyTestTests.xctest; sourceTree = BUILT_PRODUCTS_DIR; };
		335F527E1BC6205300B634E4 /* MyTestTests.m */ = {isa = PBXFileReference; lastKnownFileType = sourcecode.c.objc; path = MyTestTests.m; sourceTree = "<group>"; };
		335F52801BC6205300B634E4 /* Info.plist */ = {isa = PBXFileReference; lastKnownFileType = text.plist.xml; path = Info.plist; sourceTree = "<group>"; };
		335F52851BC6205300B634E4 /* MyTestUITests.xctest */ = {isa = PBXFileReference; explicitFileType = wrapper.cfbundle; includeInIndex = 0; path = MyTestUITests.xctest; sourceTree = BUILT_PRODUCTS_DIR; };
		335F52891BC6205300B634E4 /* MyTestUITests.m */ = {isa = PBXFileReference; lastKnownFileType = sourcecode.c.objc; path = MyTestUITests.m; sourceTree = "<group>"; };
		335F528B1BC6205300B634E4 /* Info.plist */ = {isa = PBXFileReference; lastKnownFileType = text.plist.xml; path = Info.plist; sourceTree = "<group>"; };
/* End PBXFileReference section */

/* Begin PBXFrameworksBuildPhase section */
		335F525E1BC6205300B634E4 /* Frameworks */ = {
			isa = PBXFrameworksBuildPhase;
			buildActionMask = 2147483647;
			files = (
			);
			runOnlyForDeploymentPostprocessing = 0;
		};
		335F52771BC6205300B634E4 /* Frameworks */ = {
			isa = PBXFrameworksBuildPhase;
			buildActionMask = 2147483647;
			files = (
			);
			runOnlyForDeploymentPostprocessing = 0;
		};
		335F52821BC6205300B634E4 /* Frameworks */ = {
			isa = PBXFrameworksBuildPhase;
			buildActionMask = 2147483647;
			files = (
			);
			runOnlyForDeploymentPostprocessing = 0;
		};
/* End PBXFrameworksBuildPhase section */

/* Begin PBXGroup section */
		335F52581BC6205300B634E4 = {
			isa = PBXGroup;
			children = (
				335F52631BC6205300B634E4 /* MyTest */,
				335F527D1BC6205300B634E4 /* MyTestTests */,
				335F52881BC6205300B634E4 /* MyTestUITests */,
				335F52621BC6205300B634E4 /* Products */,
			);
			sourceTree = "<group>";
		};
		335F52621BC6205300B634E4 /* Products */ = {
			isa = PBXGroup;
			children = (
				335F52611BC6205300B634E4 /* MyTest.app */,
				335F527A1BC6205300B634E4 /* MyTestTests.xctest */,
				335F52851BC6205300B634E4 /* MyTestUITests.xctest */,
			);
			name = Products;
			sourceTree = "<group>";
		};
		335F52631BC6205300B634E4 /* MyTest */ = {
			isa = PBXGroup;
			children = (
				335F52671BC6205300B634E4 /* AppDelegate.h */,
				335F52681BC6205300B634E4 /* AppDelegate.m */,
				335F526A1BC6205300B634E4 /* ViewController.h */,
				335F526B1BC6205300B634E4 /* ViewController.m */,
				335F526D1BC6205300B634E4 /* Main.storyboard */,
				335F52701BC6205300B634E4 /* Assets.xcassets */,
				335F52721BC6205300B634E4 /* LaunchScreen.storyboard */,
				335F52751BC6205300B634E4 /* Info.plist */,
				335F52641BC6205300B634E4 /* Supporting Files */,
			);
			path = MyTest;
			sourceTree = "<group>";
		};
		335F52641BC6205300B634E4 /* Supporting Files */ = {
			isa = PBXGroup;
			children = (
				335F52651BC6205300B634E4 /* main.m */,
			);
			name = "Supporting Files";
			sourceTree = "<group>";
		};
		335F527D1BC6205300B634E4 /* MyTestTests */ = {
			isa = PBXGroup;
			children = (
				335F527E1BC6205300B634E4 /* MyTestTests.m */,
				335F52801BC6205300B634E4 /* Info.plist */,
			);
			path = MyTestTests;
			sourceTree = "<group>";
		};
		335F52881BC6205300B634E4 /* MyTestUITests */ = {
			isa = PBXGroup;
			children = (
				335F52891BC6205300B634E4 /* MyTestUITests.m */,
				335F528B1BC6205300B634E4 /* Info.plist */,
			);
			path = MyTestUITests;
			sourceTree = "<group>";
		};
/* End PBXGroup section */

/* Begin PBXNativeTarget section */
		335F52601BC6205300B634E4 /* MyTest */ = {
			isa = PBXNativeTarget;
			buildConfigurationList = 335F528E1BC6205300B634E4 /* Build configuration list for PBXNativeTarget "MyTest" */;
			buildPhases = (
				335F525D1BC6205300B634E4 /* Sources */,
				335F525E1BC6205300B634E4 /* Frameworks */,
				335F525F1BC6205300B634E4 /* Resources */,
			);
			buildRules = (
			);
			dependencies = (
			);
			name = MyTest;
			productName = MyTest;
			productReference = 335F52611BC6205300B634E4 /* MyTest.app */;
			productType = "com.apple.product-type.application";
		};
		335F52791BC6205300B634E4 /* MyTestTests */ = {
			isa = PBXNativeTarget;
			buildConfigurationList = 335F52911BC6205300B634E4 /* Build configuration list for PBXNativeTarget "MyTestTests" */;
			buildPhases = (
				335F52761BC6205300B634E4 /* Sources */,
				335F52771BC6205300B634E4 /* Frameworks */,
				335F52781BC6205300B634E4 /* Resources */,
			);
			buildRules = (
			);
			dependencies = (
				335F527C1BC6205300B634E4 /* PBXTargetDependency */,
			);
			name = MyTestTests;
			productName = MyTestTests;
			productReference = 335F527A1BC6205300B634E4 /* MyTestTests.xctest */;
			productType = "com.apple.product-type.bundle.unit-test";
		};
		335F52841BC6205300B634E4 /* MyTestUITests */ = {
			isa = PBXNativeTarget;
			buildConfigurationList = 335F52941BC6205300B634E4 /* Build configuration list for PBXNativeTarget "MyTestUITests" */;
			buildPhases = (
				335F52811BC6205300B634E4 /* Sources */,
				335F52821BC6205300B634E4 /* Frameworks */,
				335F52831BC6205300B634E4 /* Resources */,
			);
			buildRules = (
			);
			dependencies = (
				335F52871BC6205300B634E4 /* PBXTargetDependency */,
			);
			name = MyTestUITests;
			productName = MyTestUITests;
			productReference = 335F52851BC6205300B634E4 /* MyTestUITests.xctest */;
			productType = "com.apple.product-type.bundle.ui-testing";
		};
/* End PBXNativeTarget section */

/* Begin PBXProject section */
		335F52591BC6205300B634E4 /* Project object */ = {
			isa = PBXProject;
			attributes = {
				LastUpgradeCheck = 0700;
				ORGANIZATIONNAME = sky;
				TargetAttributes = {
					335F52601BC6205300B634E4 = {
						CreatedOnToolsVersion = 7.0;
					};
					335F52791BC6205300B634E4 = {
						CreatedOnToolsVersion = 7.0;
						TestTargetID = 335F52601BC6205300B634E4;
					};
					335F52841BC6205300B634E4 = {
						CreatedOnToolsVersion = 7.0;
						TestTargetID = 335F52601BC6205300B634E4;
					};
				};
			};
			buildConfigurationList = 335F525C1BC6205300B634E4 /* Build configuration list for PBXProject "MyTest" */;
			compatibilityVersion = "Xcode 3.2";
			developmentRegion = English;
			hasScannedForEncodings = 0;
			knownRegions = (
				en,
				Base,
			);
			mainGroup = 335F52581BC6205300B634E4;
			productRefGroup = 335F52621BC6205300B634E4 /* Products */;
			projectDirPath = "";
			projectRoot = "";
			targets = (
				335F52601BC6205300B634E4 /* MyTest */,
				335F52791BC6205300B634E4 /* MyTestTests */,
				335F52841BC6205300B634E4 /* MyTestUITests */,
			);
		};
/* End PBXProject section */

/* Begin PBXResourcesBuildPhase section */
		335F525F1BC6205300B634E4 /* Resources */ = {
			isa = PBXResourcesBuildPhase;
			buildActionMask = 2147483647;
			files = (
				335F52741BC6205300B634E4 /* LaunchScreen.storyboard in Resources */,
				335F52711BC6205300B634E4 /* Assets.xcassets in Resources */,
				335F526F1BC6205300B634E4 /* Main.storyboard in Resources */,
			);
			runOnlyForDeploymentPostprocessing = 0;
		};
		335F52781BC6205300B634E4 /* Resources */ = {
			isa = PBXResourcesBuildPhase;
			buildActionMask = 2147483647;
			files = (
			);
			runOnlyForDeploymentPostprocessing = 0;
		};
		335F52831BC6205300B634E4 /* Resources */ = {
			isa = PBXResourcesBuildPhase;
			buildActionMask = 2147483647;
			files = (
			);
			runOnlyForDeploymentPostprocessing = 0;
		};
/* End PBXResourcesBuildPhase section */

/* Begin PBXSourcesBuildPhase section */
		335F525D1BC6205300B634E4 /* Sources */ = {
			isa = PBXSourcesBuildPhase;
			buildActionMask = 2147483647;
			files = (
				335F526C1BC6205300B634E4 /* ViewController.m in Sources */,
				335F52691BC6205300B634E4 /* AppDelegate.m in Sources */,
				335F52661BC6205300B634E4 /* main.m in Sources */,
			);
			runOnlyForDeploymentPostprocessing = 0;
		};
		335F52761BC6205300B634E4 /* Sources */ = {
			isa = PBXSourcesBuildPhase;
			buildActionMask = 2147483647;
			files = (
				335F527F1BC6205300B634E4 /* MyTestTests.m in Sources */,
			);
			runOnlyForDeploymentPostprocessing = 0;
		};
		335F52811BC6205300B634E4 /* Sources */ = {
			isa = PBXSourcesBuildPhase;
			buildActionMask = 2147483647;
			files = (
				335F528A1BC6205300B634E4 /* MyTestUITests.m in Sources */,
			);
			runOnlyForDeploymentPostprocessing = 0;
		};
/* End PBXSourcesBuildPhase section */

/* Begin PBXTargetDependency section */
		335F527C1BC6205300B634E4 /* PBXTargetDependency */ = {
			isa = PBXTargetDependency;
			target = 335F52601BC6205300B634E4 /* MyTest */;
			targetProxy = 335F527B1BC6205300B634E4 /* PBXContainerItemProxy */;
		};
		335F52871BC6205300B634E4 /* PBXTargetDependency */ = {
			isa = PBXTargetDependency;
			target = 335F52601BC6205300B634E4 /* MyTest */;
			targetProxy = 335F52861BC6205300B634E4 /* PBXContainerItemProxy */;
		};
/* End PBXTargetDependency section */

/* Begin PBXVariantGroup section */
		335F526D1BC6205300B634E4 /* Main.storyboard */ = {
			isa = PBXVariantGroup;
			children = (
				335F526E1BC6205300B634E4 /* Base */,
			);
			name = Main.storyboard;
			sourceTree = "<group>";
		};
		335F52721BC6205300B634E4 /* LaunchScreen.storyboard */ = {
			isa = PBXVariantGroup;
			children = (
				335F52731BC6205300B634E4 /* Base */,
			);
			name = LaunchScreen.storyboard;
			sourceTree = "<group>";
		};
/* End PBXVariantGroup section */

/* Begin XCBuildConfiguration section */
		335F528C1BC6205300B634E4 /* Debug */ = {
			isa = XCBuildConfiguration;
			buildSettings = {
				ALWAYS_SEARCH_USER_PATHS = NO;
				CLANG_CXX_LANGUAGE_STANDARD = "gnu++0x";
				CLANG_CXX_LIBRARY = "libc++";
				CLANG_ENABLE_MODULES = YES;
				CLANG_ENABLE_OBJC_ARC = YES;
				CLANG_WARN_BOOL_CONVERSION = YES;
				CLANG_WARN_CONSTANT_CONVERSION = YES;
				CLANG_WARN_DIRECT_OBJC_ISA_USAGE = YES_ERROR;
				CLANG_WARN_EMPTY_BODY = YES;
				CLANG_WARN_ENUM_CONVERSION = YES;
				CLANG_WARN_INT_CONVERSION = YES;
				CLANG_WARN_OBJC_ROOT_CLASS = YES_ERROR;
				CLANG_WARN_UNREACHABLE_CODE = YES;
				CLANG_WARN__DUPLICATE_METHOD_MATCH = YES;
				"CODE_SIGN_IDENTITY[sdk=iphoneos*]" = "iPhone Developer";
				COPY_PHASE_STRIP = NO;
				DEBUG_INFORMATION_FORMAT = dwarf;
				ENABLE_STRICT_OBJC_MSGSEND = YES;
				ENABLE_TESTABILITY = YES;
				GCC_C_LANGUAGE_STANDARD = gnu99;
				GCC_DYNAMIC_NO_PIC = NO;
				GCC_NO_COMMON_BLOCKS = YES;
				GCC_OPTIMIZATION_LEVEL = 0;
				GCC_PREPROCESSOR_DEFINITIONS = (
					"DEBUG=1",
					"$(inherited)",
				);
				GCC_WARN_64_TO_32_BIT_CONVERSION = YES;
				GCC_WARN_ABOUT_RETURN_TYPE = YES_ERROR;
				GCC_WARN_UNDECLARED_SELECTOR = YES;
				GCC_WARN_UNINITIALIZED_AUTOS = YES_AGGRESSIVE;
				GCC_WARN_UNUSED_FUNCTION = YES;
				GCC_WARN_UNUSED_VARIABLE = YES;
				IPHONEOS_DEPLOYMENT_TARGET = 9.0;
				MTL_ENABLE_DEBUG_INFO = YES;
				ONLY_ACTIVE_ARCH = YES;
				SDKROOT = iphoneos;
				TARGETED_DEVICE_FAMILY = "1,2";
			};
			name = Debug;
		};
		335F528D1BC6205300B634E4 /* Release */ = {
			isa = XCBuildConfiguration;
			buildSettings = {
				ALWAYS_SEARCH_USER_PATHS = NO;
				CLANG_CXX_LANGUAGE_STANDARD = "gnu++0x";
				CLANG_CXX_LIBRARY = "libc++";
				CLANG_ENABLE_MODULES = YES;
				CLANG_ENABLE_OBJC_ARC = YES;
				CLANG_WARN_BOOL_CONVERSION = YES;
				CLANG_WARN_CONSTANT_CONVERSION = YES;
				CLANG_WARN_DIRECT_OBJC_ISA_USAGE = YES_ERROR;
				CLANG_WARN_EMPTY_BODY = YES;
				CLANG_WARN_ENUM_CONVERSION = YES;
				CLANG_WARN_INT_CONVERSION = YES;
				CLANG_WARN_OBJC_ROOT_CLASS = YES_ERROR;
				CLANG_WARN_UNREACHABLE_CODE = YES;
				CLANG_WARN__DUPLICATE_METHOD_MATCH = YES;
				"CODE_SIGN_IDENTITY[sdk=iphoneos*]" = "iPhone Developer";
				COPY_PHASE_STRIP = NO;
				DEBUG_INFORMATION_FORMAT = "dwarf-with-dsym";
				ENABLE_NS_ASSERTIONS = NO;
				ENABLE_STRICT_OBJC_MSGSEND = YES;
				GCC_C_LANGUAGE_STANDARD = gnu99;
				GCC_NO_COMMON_BLOCKS = YES;
				GCC_WARN_64_TO_32_BIT_CONVERSION = YES;
				GCC_WARN_ABOUT_RETURN_TYPE = YES_ERROR;
				GCC_WARN_UNDECLARED_SELECTOR = YES;
				GCC_WARN_UNINITIALIZED_AUTOS = YES_AGGRESSIVE;
				GCC_WARN_UNUSED_FUNCTION = YES;
				GCC_WARN_UNUSED_VARIABLE = YES;
				IPHONEOS_DEPLOYMENT_TARGET = 9.0;
				MTL_ENABLE_DEBUG_INFO = NO;
				SDKROOT = iphoneos;
				TARGETED_DEVICE_FAMILY = "1,2";
				VALIDATE_PRODUCT = YES;
			};
			name = Release;
		};
		335F528F1BC6205300B634E4 /* Debug */ = {
			isa = XCBuildConfiguration;
			buildSettings = {
				ASSETCATALOG_COMPILER_APPICON_NAME = AppIcon;
				INFOPLIST_FILE = MyTest/Info.plist;
				LD_RUNPATH_SEARCH_PATHS = "$(inherited) @executable_path/Frameworks";
				PRODUCT_BUNDLE_IDENTIFIER = com.sky.MyTest;
				PRODUCT_NAME = "$(TARGET_NAME)";
			};
			name = Debug;
		};
		335F52901BC6205300B634E4 /* Release */ = {
			isa = XCBuildConfiguration;
			buildSettings = {
				ASSETCATALOG_COMPILER_APPICON_NAME = AppIcon;
				INFOPLIST_FILE = MyTest/Info.plist;
				LD_RUNPATH_SEARCH_PATHS = "$(inherited) @executable_path/Frameworks";
				PRODUCT_BUNDLE_IDENTIFIER = com.sky.MyTest;
				PRODUCT_NAME = "$(TARGET_NAME)";
			};
			name = Release;
		};
		335F52921BC6205300B634E4 /* Debug */ = {
			isa = XCBuildConfiguration;
			buildSettings = {
				BUNDLE_LOADER = "$(TEST_HOST)";
				INFOPLIST_FILE = MyTestTests/Info.plist;
				LD_RUNPATH_SEARCH_PATHS = "$(inherited) @executable_path/Frameworks @loader_path/Frameworks";
				PRODUCT_BUNDLE_IDENTIFIER = com.sky.MyTestTests;
				PRODUCT_NAME = "$(TARGET_NAME)";
				TEST_HOST = "$(BUILT_PRODUCTS_DIR)/MyTest.app/MyTest";
			};
			name = Debug;
		};
		335F52931BC6205300B634E4 /* Release */ = {
			isa = XCBuildConfiguration;
			buildSettings = {
				BUNDLE_LOADER = "$(TEST_HOST)";
				INFOPLIST_FILE = MyTestTests/Info.plist;
				LD_RUNPATH_SEARCH_PATHS = "$(inherited) @executable_path/Frameworks @loader_path/Frameworks";
				PRODUCT_BUNDLE_IDENTIFIER = com.sky.MyTestTests;
				PRODUCT_NAME = "$(TARGET_NAME)";
				TEST_HOST = "$(BUILT_PRODUCTS_DIR)/MyTest.app/MyTest";
			};
			name = Release;
		};
		335F52951BC6205300B634E4 /* Debug */ = {
			isa = XCBuildConfiguration;
			buildSettings = {
				INFOPLIST_FILE = MyTestUITests/Info.plist;
				LD_RUNPATH_SEARCH_PATHS = "$(inherited) @executable_path/Frameworks @loader_path/Frameworks";
				PRODUCT_BUNDLE_IDENTIFIER = com.sky.MyTestUITests;
				PRODUCT_NAME = "$(TARGET_NAME)";
				TEST_TARGET_NAME = MyTest;
				USES_XCTRUNNER = YES;
			};
			name = Debug;
		};
		335F52961BC6205300B634E4 /* Release */ = {
			isa = XCBuildConfiguration;
			buildSettings = {
				INFOPLIST_FILE = MyTestUITests/Info.plist;
				LD_RUNPATH_SEARCH_PATHS = "$(inherited) @executable_path/Frameworks @loader_path/Frameworks";
				PRODUCT_BUNDLE_IDENTIFIER = com.sky.MyTestUITests;
				PRODUCT_NAME = "$(TARGET_NAME)";
				TEST_TARGET_NAME = MyTest;
				USES_XCTRUNNER = YES;
			};
			name = Release;
		};
/* End XCBuildConfiguration section */

/* Begin XCConfigurationList section */
		335F525C1BC6205300B634E4 /* Build configuration list for PBXProject "MyTest" */ = {
			isa = XCConfigurationList;
			buildConfigurations = (
				335F528C1BC6205300B634E4 /* Debug */,
				335F528D1BC6205300B634E4 /* Release */,
			);
			defaultConfigurationIsVisible = 0;
			defaultConfigurationName = Release;
		};
		335F528E1BC6205300B634E4 /* Build configuration list for PBXNativeTarget "MyTest" */ = {
			isa = XCConfigurationList;
			buildConfigurations = (
				335F528F1BC6205300B634E4 /* Debug */,
				335F52901BC6205300B634E4 /* Release */,
			);
			defaultConfigurationIsVisible = 0;
		};
		335F52911BC6205300B634E4 /* Build configuration list for PBXNativeTarget "MyTestTests" */ = {
			isa = XCConfigurationList;
			buildConfigurations = (
				335F52921BC6205300B634E4 /* Debug */,
				335F52931BC6205300B634E4 /* Release */,
			);
			defaultConfigurationIsVisible = 0;
		};
		335F52941BC6205300B634E4 /* Build configuration list for PBXNativeTarget "MyTestUITests" */ = {
			isa = XCConfigurationList;
			buildConfigurations = (
				335F52951BC6205300B634E4 /* Debug */,
				335F52961BC6205300B634E4 /* Release */,
			);
			defaultConfigurationIsVisible = 0;
		};
/* End XCConfigurationList section */
	};
	rootObject = 335F52591BC6205300B634E4 /* Project object */;
}
